PODS:
  - Alamofire (3.2.0)
  - CRToast (0.0.9)
  - MCSwipeTableViewCell (2.1.4)
  - Realm (0.98.2):
    - Realm/Headers (= 0.98.2)
  - Realm/Headers (0.98.2)
  - RealmSwift (0.98.2):
    - Realm (= 0.98.2)
  - SnapKit (0.15.0)

DEPENDENCIES:
  - Alamofire (~> 3.0)
  - CRToast (~> 0.0.7)
  - MCSwipeTableViewCell (~> 2.1.4)
  - Realm (from `https://github.com/realm/realm-cocoa.git`, branch `swift-2.0`)
  - RealmSwift (from `https://github.com/realm/realm-cocoa.git`, branch `swift-2.0`)
  - SnapKit (~> 0.15.0)

EXTERNAL SOURCES:
  Realm:
    :branch: swift-2.0
    :git: https://github.com/realm/realm-cocoa.git
  RealmSwift:
    :branch: swift-2.0
    :git: https://github.com/realm/realm-cocoa.git

CHECKOUT OPTIONS:
  Realm:
    :commit: 7b57465d3e35419ced0f8e04c22cdaeca6a01def
    :git: https://github.com/realm/realm-cocoa.git
  RealmSwift:
    :commit: 7b57465d3e35419ced0f8e04c22cdaeca6a01def
    :git: https://github.com/realm/realm-cocoa.git

SPEC CHECKSUMS:
  Alamofire: 4da478599fccddff361205c8929333d7fe18dceb
  CRToast: 5a78c22b921c5ed3487488af605bc403a9c92fed
  MCSwipeTableViewCell: 1b303e16c3a26b1982f3a68386e9b8c5fc8344c3
  Realm: 9f08b9aad497354d3fcc91d1cfc5c621e5af8196
  RealmSwift: 9907c7415b3e19ef2ab9f89878fc890f03f93aea
  SnapKit: 4962eed2ee18e48cbd2b2292fffc57efe7235f87

COCOAPODS: 0.39.0
